<Solution>
  <Project Path="HealthPlanChat.Bootstrapper/HealthPlanChat.Bootstrapper.csproj" />
  <Project Path="HealthPlanChat.Core.UnitTests/HealthPlanChat.Core.UnitTests.csproj" />
  <Project Path="HealthPlanChat.Core/HealthPlanChat.Core.csproj" />
  <Project Path="HealthPlanChat.Infrastructure.AgentFramework/HealthPlanChat.Infrastructure.AgentFramework.csproj" />
  <Project Path="HealthPlanChat.Infrastructure.IntegrationTests/HealthPlanChat.Infrastructure.IntegrationTests.csproj" />
  <Project Path="HealthPlanChat.Infrastructure.Prompting.UnitTests/HealthPlanChat.Infrastructure.Prompting.UnitTests.csproj" />
  <Project Path="HealthPlanChat.Infrastructure.Prompting/HealthPlanChat.Infrastructure.Prompting.csproj" />
  <Project Path="HealthPlanChat.Infrastructure.Redis/HealthPlanChat.Infrastructure.Redis.csproj" />
  <Project Path="HealthPlanChat.Infrastructure.Search/HealthPlanChat.Infrastructure.Search.csproj" />
  <Project Path="HealthPlanChat.Infrastructure.Storage/HealthPlanChat.Infrastructure.Storage.csproj" />
  <Project Path="HealthPlanChat.WebApi/HealthPlanChat.WebApi.csproj" />
</Solution>
